
Microsoft Visual Studio Solution File, Format Version 12.00
# Visual Studio Version 17
VisualStudioVersion = 17.14.37012.4
MinimumVisualStudioVersion = 10.0.40219.1
Project("{FAE04EC0-301F-11D3-BF4B-00C04F79EFBC}") = "GymManagment.PL", "GymManagment\GymManagment.PL.csproj", "{8F8563EB-A28C-492C-8B91-5BBA9A165CD7}"
EndProject
Project("{FAE04EC0-301F-11D3-BF4B-00C04F79EFBC}") = "GymManagment.BLL", "GymManagment.BLL\GymManagment.BLL.csproj", "{2DC9EB0F-032A-4085-BCF9-BB33CF906D2C}"
EndProject
Project("{FAE04EC0-301F-11D3-BF4B-00C04F79EFBC}") = "GymManagment.DAL", "GymManagment.DAL\GymManagment.DAL.csproj", "{C39F3E66-E468-4F07-BAFD-11E7CFC2B032}"
EndProject
Global
	GlobalSection(SolutionConfigurationPlatforms) = preSolution
		Debug|Any CPU = Debug|Any CPU
		Release|Any CPU = Release|Any CPU
	EndGlobalSection
	GlobalSection(ProjectConfigurationPlatforms) = postSolution
		{8F8563EB-A28C-492C-8B91-5BBA9A165CD7}.Debug|Any CPU.ActiveCfg = Debug|Any CPU
		{8F8563EB-A28C-492C-8B91-5BBA9A165CD7}.Debug|Any CPU.Build.0 = Debug|Any CPU
		{8F8563EB-A28C-492C-8B91-5BBA9A165CD7}.Release|Any CPU.ActiveCfg = Release|Any CPU
		{8F8563EB-A28C-492C-8B91-5BBA9A165CD7}.Release|Any CPU.Build.0 = Release|Any CPU
		{2DC9EB0F-032A-4085-BCF9-BB33CF906D2C}.Debug|Any CPU.ActiveCfg = Debug|Any CPU
		{2DC9EB0F-032A-4085-BCF9-BB33CF906D2C}.Debug|Any CPU.Build.0 = Debug|Any CPU
		{2DC9EB0F-032A-4085-BCF9-BB33CF906D2C}.Release|Any CPU.ActiveCfg = Release|Any CPU
		{2DC9EB0F-032A-4085-BCF9-BB33CF906D2C}.Release|Any CPU.Build.0 = Release|Any CPU
		{C39F3E66-E468-4F07-BAFD-11E7CFC2B032}.Debug|Any CPU.ActiveCfg = Debug|Any CPU
		{C39F3E66-E468-4F07-BAFD-11E7CFC2B032}.Debug|Any CPU.Build.0 = Debug|Any CPU
		{C39F3E66-E468-4F07-BAFD-11E7CFC2B032}.Release|Any CPU.ActiveCfg = Release|Any CPU
		{C39F3E66-E468-4F07-BAFD-11E7CFC2B032}.Release|Any CPU.Build.0 = Release|Any CPU
	EndGlobalSection
	GlobalSection(SolutionProperties) = preSolution
		HideSolutionNode = FALSE
	EndGlobalSection
	GlobalSection(ExtensibilityGlobals) = postSolution
		SolutionGuid = {E9435A9E-E092-4578-A055-B7D8A4DCBF18}
	EndGlobalSection
EndGlobal
